
Microsoft Visual Studio Solution File, Format Version 12.00
# Visual Studio Version 17
VisualStudioVersion = 17.2.32516.85
MinimumVisualStudioVersion = 10.0.40219.1
Project("{FAE04EC0-301F-11D3-BF4B-00C04F79EFBC}") = "HotelAdactinWithAllureInNUnit", "HotelAdactinWithAllureInNUnit\HotelAdactinWithAllureInNUnit.csproj", "{0DA6EBF6-9DB8-4D7D-8767-AB10A6F9C359}"
EndProject
Global
	GlobalSection(SolutionConfigurationPlatforms) = preSolution
		Debug|Any CPU = Debug|Any CPU
		Release|Any CPU = Release|Any CPU
	EndGlobalSection
	GlobalSection(ProjectConfigurationPlatforms) = postSolution
		{0DA6EBF6-9DB8-4D7D-8767-AB10A6F9C359}.Debug|Any CPU.ActiveCfg = Debug|Any CPU
		{0DA6EBF6-9DB8-4D7D-8767-AB10A6F9C359}.Debug|Any CPU.Build.0 = Debug|Any CPU
		{0DA6EBF6-9DB8-4D7D-8767-AB10A6F9C359}.Release|Any CPU.ActiveCfg = Release|Any CPU
		{0DA6EBF6-9DB8-4D7D-8767-AB10A6F9C359}.Release|Any CPU.Build.0 = Release|Any CPU
	EndGlobalSection
	GlobalSection(SolutionProperties) = preSolution
		HideSolutionNode = FALSE
	EndGlobalSection
	GlobalSection(ExtensibilityGlobals) = postSolution
		SolutionGuid = {5CADDE5B-51DD-46F5-9975-1489983726B2}
	EndGlobalSection
EndGlobal
